{
  "name": "week-31.1",
  "version": "1.0.0",
  "lockfileVersion": 3,
  "requires": true,
  "packages": {
    "": {
      "name": "week-31.1",
      "version": "1.0.0",
      "license": "ISC",
      "dependencies": {
        "@types/ws": "^8.18.1",
        "redis": "^5.0.0",
        "ws": "^8.18.1"
      }
    },
    "node_modules/@redis/bloom": {
      "version": "5.0.0",
      "resolved": "https://registry.npmjs.org/@redis/bloom/-/bloom-5.0.0.tgz",
      "integrity": "sha512-YHlra6a7+brJ3Ustqa+jC68Pdnw2/wbnVLeULN0llP3gHpKxOSmiDyLwuHq5t/jFi6QUgjSprUQi2a8CieKFIA==",
      "license": "MIT",
      "engines": {
        "node": ">= 18"
      },
      "peerDependencies": {
        "@redis/client": "^5.0.0"
      }
    },
    "node_modules/@redis/client": {
      "version": "5.0.0",
      "resolved": "https://registry.npmjs.org/@redis/client/-/client-5.0.0.tgz",
      "integrity": "sha512-1MqfzOOoFBwWprigJ3S5hM+LuzaWwxyyx+74NDzCpmjKWyjjC07xkWsd5E9fr+61NUDtvUivRiyAxGiRIwJCaQ==",
      "license": "MIT",
      "dependencies": {
        "cluster-key-slot": "1.1.2"
      },
      "engines": {
        "node": ">= 18"
      }
    },
    "node_modules/@redis/json": {
      "version": "5.0.0",
      "resolved": "https://registry.npmjs.org/@redis/json/-/json-5.0.0.tgz",
      "integrity": "sha512-8YFjshsvWR9dWjOiQ50TfBxfl+z1mjCae8jDnfOYN1aCvUZWJXqM1OpL56v6mWRyXwZ5C9qJJKDGmHTr4PVskQ==",
      "license": "MIT",
      "engines": {
        "node": ">= 18"
      },
      "peerDependencies": {
        "@redis/client": "^5.0.0"
      }
    },
    "node_modules/@redis/search": {
      "version": "5.0.0",
      "resolved": "https://registry.npmjs.org/@redis/search/-/search-5.0.0.tgz",
      "integrity": "sha512-oEop/S/0NB5p7vpTTlp5X5LQO4oTomJnFEOaKhQ5xZWROLXTgEVvPSfXVNBbtr9maU2+OupxXQR63HW3MGeTUg==",
      "license": "MIT",
      "engines": {
        "node": ">= 18"
      },
      "peerDependencies": {
        "@redis/client": "^5.0.0"
      }
    },
    "node_modules/@redis/time-series": {
      "version": "5.0.0",
      "resolved": "https://registry.npmjs.org/@redis/time-series/-/time-series-5.0.0.tgz",
      "integrity": "sha512-DNsP4DH5CRfXlQDyvLJm2DltZm3kjpVKZsNTI3SPdbRxhc9i2c0NehUbM/gDECnEfG+jkNN/LUv6Em4LaLwPBQ==",
      "license": "MIT",
      "engines": {
        "node": ">= 18"
      },
      "peerDependencies": {
        "@redis/client": "^5.0.0"
      }
    },
    "node_modules/@types/node": {
      "version": "22.15.3",
      "resolved": "https://registry.npmjs.org/@types/node/-/node-22.15.3.tgz",
      "integrity": "sha512-lX7HFZeHf4QG/J7tBZqrCAXwz9J5RD56Y6MpP0eJkka8p+K0RY/yBTW7CYFJ4VGCclxqOLKmiGP5juQc6MKgcw==",
      "license": "MIT",
      "dependencies": {
        "undici-types": "~6.21.0"
      }
    },
    "node_modules/@types/ws": {
      "version": "8.18.1",
      "resolved": "https://registry.npmjs.org/@types/ws/-/ws-8.18.1.tgz",
      "integrity": "sha512-ThVF6DCVhA8kUGy+aazFQ4kXQ7E1Ty7A3ypFOe0IcJV8O/M511G99AW24irKrW56Wt44yG9+ij8FaqoBGkuBXg==",
      "license": "MIT",
      "dependencies": {
        "@types/node": "*"
      }
    },
    "node_modules/cluster-key-slot": {
      "version": "1.1.2",
      "resolved": "https://registry.npmjs.org/cluster-key-slot/-/cluster-key-slot-1.1.2.tgz",
      "integrity": "sha512-RMr0FhtfXemyinomL4hrWcYJxmX6deFdCxpJzhDttxgO1+bcCnkk+9drydLVDmAMG7NE6aN/fl4F7ucU/90gAA==",
      "license": "Apache-2.0",
      "engines": {
        "node": ">=0.10.0"
      }
    },
    "node_modules/redis": {
      "version": "5.0.0",
      "resolved": "https://registry.npmjs.org/redis/-/redis-5.0.0.tgz",
      "integrity": "sha512-J/fzf0cYeFw5NP4aYIvv9owYOcNUsaDqF4qmwbSuaV4yKBLaIHJQIFbAKLgjn99GDXdJBbfqCRXE7+BIlkpATA==",
      "license": "MIT",
      "dependencies": {
        "@redis/bloom": "5.0.0",
        "@redis/client": "5.0.0",
        "@redis/json": "5.0.0",
        "@redis/search": "5.0.0",
        "@redis/time-series": "5.0.0"
      },
      "engines": {
        "node": ">= 18"
      }
    },
    "node_modules/undici-types": {
      "version": "6.21.0",
      "resolved": "https://registry.npmjs.org/undici-types/-/undici-types-6.21.0.tgz",
      "integrity": "sha512-iwDZqg0QAGrg9Rav5H4n0M64c3mkR59cJ6wQp+7C4nI0gsmExaedaYLNO44eT4AtBBwjbTiGPMlt2Md0T9H9JQ==",
      "license": "MIT"
    },
    "node_modules/ws": {
      "version": "8.18.1",
      "resolved": "https://registry.npmjs.org/ws/-/ws-8.18.1.tgz",
      "integrity": "sha512-RKW2aJZMXeMxVpnZ6bck+RswznaxmzdULiBr6KY7XkTnW8uvt0iT9H5DkHUChXrc+uurzwa0rVI16n/Xzjdz1w==",
      "license": "MIT",
      "engines": {
        "node": ">=10.0.0"
      },
      "peerDependencies": {
        "bufferutil": "^4.0.1",
        "utf-8-validate": ">=5.0.2"
      },
      "peerDependenciesMeta": {
        "bufferutil": {
          "optional": true
        },
        "utf-8-validate": {
          "optional": true
        }
      }
    }
  }
}
